
Microsoft Visual Studio Solution File, Format Version 12.00
# Visual Studio Version 16
VisualStudioVersion = 16.0.31205.134
MinimumVisualStudioVersion = 10.0.40219.1
Project("{2150E333-8FDC-42A3-9474-1A3956D46DE8}") = "src", "src", "{694BF5DC-12D1-4AE7-9A85-43311C7BB0AD}"
EndProject
Project("{2150E333-8FDC-42A3-9474-1A3956D46DE8}") = "tests", "tests", "{9F845E66-59D1-4019-B8B3-CCE87A9A9F02}"
EndProject
Project("{2150E333-8FDC-42A3-9474-1A3956D46DE8}") = "BoundedContexts", "BoundedContexts", "{A1124CB9-D0C6-436C-8E29-DEFB6377A911}"
EndProject
Project("{2150E333-8FDC-42A3-9474-1A3956D46DE8}") = "Author", "Author", "{748EA3A7-7106-49C3-A8ED-A712FA3C19A9}"
EndProject
Project("{2150E333-8FDC-42A3-9474-1A3956D46DE8}") = "Book", "Book", "{C54C46F3-1621-4EEE-A9AC-A7035B86D5B5}"
EndProject
Project("{2150E333-8FDC-42A3-9474-1A3956D46DE8}") = "Store", "Store", "{686A5A4F-0EB5-4243-A5DB-41C3CB90620D}"
EndProject
Project("{2150E333-8FDC-42A3-9474-1A3956D46DE8}") = "BoundedContexts", "BoundedContexts", "{621513DD-5986-4AB5-855A-79FF732736B4}"
EndProject
Project("{2150E333-8FDC-42A3-9474-1A3956D46DE8}") = "Author", "Author", "{A55B05FA-C5EC-48F1-A7BC-666BA34AF8A0}"
EndProject
Project("{2150E333-8FDC-42A3-9474-1A3956D46DE8}") = "Book", "Book", "{4EB3E6A2-154A-4163-B021-6C6646871B76}"
EndProject
Project("{2150E333-8FDC-42A3-9474-1A3956D46DE8}") = "Store", "Store", "{4FA7D6B0-B350-4F49-993F-774B965BA076}"
EndProject
Project("{9A19103F-16F7-4668-BE54-9A1E7A4F7556}") = "SharedKernel", "SharedKernel\SharedKernel.csproj", "{888C438F-586E-411C-ADC0-068DDB2F1F19}"
EndProject
Project("{9A19103F-16F7-4668-BE54-9A1E7A4F7556}") = "AuthorDomain", "AuthorDomain\AuthorDomain.csproj", "{927BA873-33BB-4AB5-A52C-6D7573D8092B}"
EndProject
Project("{9A19103F-16F7-4668-BE54-9A1E7A4F7556}") = "AuthorUnitTest", "AuthorUnitTest\AuthorUnitTest.csproj", "{E19E913B-F386-4E7B-834B-90AA19D55B07}"
EndProject
Project("{9A19103F-16F7-4668-BE54-9A1E7A4F7556}") = "AuthorInfraestructure", "AuthorInfraestructure\AuthorInfraestructure.csproj", "{95D99DB0-8485-4F37-B77B-CE0F29FFC455}"
EndProject
Project("{FAE04EC0-301F-11D3-BF4B-00C04F79EFBC}") = "AuthorWebApi", "AuthorWebApi\AuthorWebApi.csproj", "{A48EAA25-FE99-4BF1-A5C5-FEF0F23051D8}"
EndProject
Project("{FAE04EC0-301F-11D3-BF4B-00C04F79EFBC}") = "AuthorApplication", "AuthorApplication\AuthorApplication.csproj", "{D65C9D6A-647A-4A41-A06F-A408A5299024}"
EndProject
Global
	GlobalSection(SolutionConfigurationPlatforms) = preSolution
		Debug|Any CPU = Debug|Any CPU
		Release|Any CPU = Release|Any CPU
	EndGlobalSection
	GlobalSection(ProjectConfigurationPlatforms) = postSolution
		{888C438F-586E-411C-ADC0-068DDB2F1F19}.Debug|Any CPU.ActiveCfg = Debug|Any CPU
		{888C438F-586E-411C-ADC0-068DDB2F1F19}.Debug|Any CPU.Build.0 = Debug|Any CPU
		{888C438F-586E-411C-ADC0-068DDB2F1F19}.Release|Any CPU.ActiveCfg = Release|Any CPU
		{888C438F-586E-411C-ADC0-068DDB2F1F19}.Release|Any CPU.Build.0 = Release|Any CPU
		{927BA873-33BB-4AB5-A52C-6D7573D8092B}.Debug|Any CPU.ActiveCfg = Debug|Any CPU
		{927BA873-33BB-4AB5-A52C-6D7573D8092B}.Debug|Any CPU.Build.0 = Debug|Any CPU
		{927BA873-33BB-4AB5-A52C-6D7573D8092B}.Release|Any CPU.ActiveCfg = Release|Any CPU
		{927BA873-33BB-4AB5-A52C-6D7573D8092B}.Release|Any CPU.Build.0 = Release|Any CPU
		{E19E913B-F386-4E7B-834B-90AA19D55B07}.Debug|Any CPU.ActiveCfg = Debug|Any CPU
		{E19E913B-F386-4E7B-834B-90AA19D55B07}.Debug|Any CPU.Build.0 = Debug|Any CPU
		{E19E913B-F386-4E7B-834B-90AA19D55B07}.Release|Any CPU.ActiveCfg = Release|Any CPU
		{E19E913B-F386-4E7B-834B-90AA19D55B07}.Release|Any CPU.Build.0 = Release|Any CPU
		{95D99DB0-8485-4F37-B77B-CE0F29FFC455}.Debug|Any CPU.ActiveCfg = Debug|Any CPU
		{95D99DB0-8485-4F37-B77B-CE0F29FFC455}.Debug|Any CPU.Build.0 = Debug|Any CPU
		{95D99DB0-8485-4F37-B77B-CE0F29FFC455}.Release|Any CPU.ActiveCfg = Release|Any CPU
		{95D99DB0-8485-4F37-B77B-CE0F29FFC455}.Release|Any CPU.Build.0 = Release|Any CPU
		{A48EAA25-FE99-4BF1-A5C5-FEF0F23051D8}.Debug|Any CPU.ActiveCfg = Debug|Any CPU
		{A48EAA25-FE99-4BF1-A5C5-FEF0F23051D8}.Debug|Any CPU.Build.0 = Debug|Any CPU
		{A48EAA25-FE99-4BF1-A5C5-FEF0F23051D8}.Release|Any CPU.ActiveCfg = Release|Any CPU
		{A48EAA25-FE99-4BF1-A5C5-FEF0F23051D8}.Release|Any CPU.Build.0 = Release|Any CPU
		{D65C9D6A-647A-4A41-A06F-A408A5299024}.Debug|Any CPU.ActiveCfg = Debug|Any CPU
		{D65C9D6A-647A-4A41-A06F-A408A5299024}.Debug|Any CPU.Build.0 = Debug|Any CPU
		{D65C9D6A-647A-4A41-A06F-A408A5299024}.Release|Any CPU.ActiveCfg = Release|Any CPU
		{D65C9D6A-647A-4A41-A06F-A408A5299024}.Release|Any CPU.Build.0 = Release|Any CPU
	EndGlobalSection
	GlobalSection(SolutionProperties) = preSolution
		HideSolutionNode = FALSE
	EndGlobalSection
	GlobalSection(NestedProjects) = preSolution
		{A1124CB9-D0C6-436C-8E29-DEFB6377A911} = {694BF5DC-12D1-4AE7-9A85-43311C7BB0AD}
		{748EA3A7-7106-49C3-A8ED-A712FA3C19A9} = {A1124CB9-D0C6-436C-8E29-DEFB6377A911}
		{C54C46F3-1621-4EEE-A9AC-A7035B86D5B5} = {A1124CB9-D0C6-436C-8E29-DEFB6377A911}
		{686A5A4F-0EB5-4243-A5DB-41C3CB90620D} = {A1124CB9-D0C6-436C-8E29-DEFB6377A911}
		{621513DD-5986-4AB5-855A-79FF732736B4} = {9F845E66-59D1-4019-B8B3-CCE87A9A9F02}
		{A55B05FA-C5EC-48F1-A7BC-666BA34AF8A0} = {621513DD-5986-4AB5-855A-79FF732736B4}
		{4EB3E6A2-154A-4163-B021-6C6646871B76} = {621513DD-5986-4AB5-855A-79FF732736B4}
		{4FA7D6B0-B350-4F49-993F-774B965BA076} = {621513DD-5986-4AB5-855A-79FF732736B4}
		{888C438F-586E-411C-ADC0-068DDB2F1F19} = {694BF5DC-12D1-4AE7-9A85-43311C7BB0AD}
		{927BA873-33BB-4AB5-A52C-6D7573D8092B} = {748EA3A7-7106-49C3-A8ED-A712FA3C19A9}
		{E19E913B-F386-4E7B-834B-90AA19D55B07} = {A55B05FA-C5EC-48F1-A7BC-666BA34AF8A0}
		{95D99DB0-8485-4F37-B77B-CE0F29FFC455} = {748EA3A7-7106-49C3-A8ED-A712FA3C19A9}
		{A48EAA25-FE99-4BF1-A5C5-FEF0F23051D8} = {748EA3A7-7106-49C3-A8ED-A712FA3C19A9}
		{D65C9D6A-647A-4A41-A06F-A408A5299024} = {748EA3A7-7106-49C3-A8ED-A712FA3C19A9}
	EndGlobalSection
	GlobalSection(ExtensibilityGlobals) = postSolution
		SolutionGuid = {8C760435-6EDD-44BE-BCB5-E9036D83A53D}
	EndGlobalSection
EndGlobal
